
Microsoft Visual Studio Solution File, Format Version 12.00
# Visual Studio Version 17
VisualStudioVersion = 17.14.36518.9 d17.14
MinimumVisualStudioVersion = 10.0.40219.1
Project("{FAE04EC0-301F-11D3-BF4B-00C04F79EFBC}") = "BlazorApp3", "BlazorApp3\BlazorApp3.csproj", "{6343A148-C669-4C04-8334-69E7FF87AE8B}"
EndProject
Project("{FAE04EC0-301F-11D3-BF4B-00C04F79EFBC}") = "BlazorApp3.Client", "BlazorApp3.Client\BlazorApp3.Client.csproj", "{0879B58A-555B-4A28-AEA6-14236BDDDA5F}"
EndProject
Global
	GlobalSection(SolutionConfigurationPlatforms) = preSolution
		Debug|Any CPU = Debug|Any CPU
		Release|Any CPU = Release|Any CPU
	EndGlobalSection
	GlobalSection(ProjectConfigurationPlatforms) = postSolution
		{6343A148-C669-4C04-8334-69E7FF87AE8B}.Debug|Any CPU.ActiveCfg = Debug|Any CPU
		{6343A148-C669-4C04-8334-69E7FF87AE8B}.Debug|Any CPU.Build.0 = Debug|Any CPU
		{6343A148-C669-4C04-8334-69E7FF87AE8B}.Release|Any CPU.ActiveCfg = Release|Any CPU
		{6343A148-C669-4C04-8334-69E7FF87AE8B}.Release|Any CPU.Build.0 = Release|Any CPU
		{0879B58A-555B-4A28-AEA6-14236BDDDA5F}.Debug|Any CPU.ActiveCfg = Debug|Any CPU
		{0879B58A-555B-4A28-AEA6-14236BDDDA5F}.Debug|Any CPU.Build.0 = Debug|Any CPU
		{0879B58A-555B-4A28-AEA6-14236BDDDA5F}.Release|Any CPU.ActiveCfg = Release|Any CPU
		{0879B58A-555B-4A28-AEA6-14236BDDDA5F}.Release|Any CPU.Build.0 = Release|Any CPU
	EndGlobalSection
	GlobalSection(SolutionProperties) = preSolution
		HideSolutionNode = FALSE
	EndGlobalSection
	GlobalSection(ExtensibilityGlobals) = postSolution
		SolutionGuid = {234616AA-B330-4FEE-B895-F2A3956E2047}
	EndGlobalSection
EndGlobal
